
Microsoft Visual Studio Solution File, Format Version 12.00
# Visual Studio 15
VisualStudioVersion = 15.0.27004.2006
MinimumVisualStudioVersion = 10.0.40219.1
Project("{FAE04EC0-301F-11D3-BF4B-00C04F79EFBC}") = "BankingApp", "BankingApp\BankingApp.csproj", "{DE65B943-C817-45EF-9D1D-D199A8FA0BC6}"
EndProject
Global
	GlobalSection(SolutionConfigurationPlatforms) = preSolution
		Debug|Any CPU = Debug|Any CPU
		Release|Any CPU = Release|Any CPU
	EndGlobalSection
	GlobalSection(ProjectConfigurationPlatforms) = postSolution
		{DE65B943-C817-45EF-9D1D-D199A8FA0BC6}.Debug|Any CPU.ActiveCfg = Debug|Any CPU
		{DE65B943-C817-45EF-9D1D-D199A8FA0BC6}.Debug|Any CPU.Build.0 = Debug|Any CPU
		{DE65B943-C817-45EF-9D1D-D199A8FA0BC6}.Release|Any CPU.ActiveCfg = Release|Any CPU
		{DE65B943-C817-45EF-9D1D-D199A8FA0BC6}.Release|Any CPU.Build.0 = Release|Any CPU
	EndGlobalSection
	GlobalSection(SolutionProperties) = preSolution
		HideSolutionNode = FALSE
	EndGlobalSection
	GlobalSection(ExtensibilityGlobals) = postSolution
		SolutionGuid = {2BE6EAB0-EECD-480C-B833-846F51A43576}
	EndGlobalSection
EndGlobal
